
Microsoft Visual Studio Solution File, Format Version 12.00
# Visual Studio Version 17
VisualStudioVersion = 17.13.35931.197
MinimumVisualStudioVersion = 10.0.40219.1
Project("{FAE04EC0-301F-11D3-BF4B-00C04F79EFBC}") = "Practice2.Task7a", "Practice2.Task7a\Practice2.Task7a.csproj", "{F36F4726-BE7F-7672-533F-85E8894E13E9}"
EndProject
Project("{FAE04EC0-301F-11D3-BF4B-00C04F79EFBC}") = "Practice2.Task7b", "Practice2.Task7b\Practice2.Task7b.csproj", "{4127CD4C-9AD7-43B3-BB7C-909BECA38A02}"
EndProject
Project("{FAE04EC0-301F-11D3-BF4B-00C04F79EFBC}") = "Practice2.Task7c", "Practice2.Task7c\Practice2.Task7c.csproj", "{57D62849-8F71-4ACD-BD27-D045C6533FA3}"
EndProject
Project("{FAE04EC0-301F-11D3-BF4B-00C04F79EFBC}") = "Practice2.Task8", "Practice2.Task8\Practice2.Task8.csproj", "{BD835FBC-7212-42E7-933D-49DE398232DA}"
EndProject
Project("{FAE04EC0-301F-11D3-BF4B-00C04F79EFBC}") = "Practice2.Task1a", "Practice2.Task1a\Practice2.Task1a.csproj", "{011BC598-463B-1D80-A2D7-08D78FA4914B}"
EndProject
Project("{FAE04EC0-301F-11D3-BF4B-00C04F79EFBC}") = "Practice2.Task1c", "Practice2.Task1c\Practice2.Task1c.csproj", "{A5C54599-D251-7390-C63C-5D0B534FC65C}"
EndProject
Project("{FAE04EC0-301F-11D3-BF4B-00C04F79EFBC}") = "Practice2.Task1d", "Practice2.Task1d\Practice2.Task1d.csproj", "{91981F70-61E9-EF80-2E67-7AFFED5B9C51}"
EndProject
Project("{FAE04EC0-301F-11D3-BF4B-00C04F79EFBC}") = "Practice2.Task1f", "Practice2.Task1f\Practice2.Task1f.csproj", "{3C99A558-90C7-8598-3D46-E49FE195F97C}"
EndProject
Project("{FAE04EC0-301F-11D3-BF4B-00C04F79EFBC}") = "Practice2.Task2a", "Practice2.Task2a\Practice2.Task2a.csproj", "{2D164202-6AFD-DC67-07BD-C0E5E51ED60C}"
EndProject
Project("{FAE04EC0-301F-11D3-BF4B-00C04F79EFBC}") = "Practice2.Task2b", "Practice2.Task2b\Practice2.Task2b.csproj", "{434D9300-423D-8F31-D044-B082DDB1B623}"
EndProject
Project("{FAE04EC0-301F-11D3-BF4B-00C04F79EFBC}") = "Practice2.Task2c", "Practice2.Task2c\Practice2.Task2c.csproj", "{BEF33C55-CA13-2BBF-F1D0-13155C6326C1}"
EndProject
Project("{FAE04EC0-301F-11D3-BF4B-00C04F79EFBC}") = "Practice2.Task2d", "Practice2.Task2d\Practice2.Task2d.csproj", "{37CB98C2-BDD1-041E-A09F-04A57C625488}"
EndProject
Project("{FAE04EC0-301F-11D3-BF4B-00C04F79EFBC}") = "Practice2.Task3", "Practice2.Task3\Practice2.Task3.csproj", "{DC99EE37-1B6C-FC89-6E76-6D3D39A9A284}"
EndProject
Project("{FAE04EC0-301F-11D3-BF4B-00C04F79EFBC}") = "Practice2.Task4a", "Practice2.Task4a\Practice2.Task4a.csproj", "{8FD07491-1358-AD2F-E027-5D0DAE924386}"
EndProject
Project("{FAE04EC0-301F-11D3-BF4B-00C04F79EFBC}") = "Practice2.Task4b", "Practice2.Task4b\Practice2.Task4b.csproj", "{BC0CC869-22F2-2D0B-EDE7-659D0799D811}"
EndProject
Project("{FAE04EC0-301F-11D3-BF4B-00C04F79EFBC}") = "Practice2.Task4c", "Practice2.Task4c\Practice2.Task4c.csproj", "{5963A74E-CA73-79DE-CC2B-EFE7E8D2F530}"
EndProject
Project("{FAE04EC0-301F-11D3-BF4B-00C04F79EFBC}") = "Practice2.Task5", "Practice2.Task5\Practice2.Task5.csproj", "{EF209430-030D-64D7-63EF-52A0A91A027B}"
EndProject
Project("{FAE04EC0-301F-11D3-BF4B-00C04F79EFBC}") = "Practice2.Task6b", "Practice2.Task6b\Practice2.Task6b.csproj", "{983FC393-0C3D-726B-EF9C-1E65A99AFF85}"
EndProject
Project("{FAE04EC0-301F-11D3-BF4B-00C04F79EFBC}") = "Practice2.Task6a", "Practice2.Task6а\Practice2.Task6a.csproj", "{24BAAAA6-8E7D-680F-ED7B-A3E1FCB14B4B}"
EndProject
Project("{FAE04EC0-301F-11D3-BF4B-00C04F79EFBC}") = "Practice2.Task6с", "Practice2.Task6с\Practice2.Task6с.csproj", "{C0FB97C7-91F4-2B8E-4D50-481DB0C69BB7}"
EndProject
Project("{FAE04EC0-301F-11D3-BF4B-00C04F79EFBC}") = "Practice2.Task1b", "Practice2.Task1b\Practice2.Task1b.csproj", "{EAAAB66E-30C2-A982-03DD-42531D10A436}"
EndProject
Project("{FAE04EC0-301F-11D3-BF4B-00C04F79EFBC}") = "Practice2.Task9", "Practice2.Task9\Practice2.Task9.csproj", "{C4013AC9-E08C-FE02-33F9-403734E181D1}"
EndProject
Project("{FAE04EC0-301F-11D3-BF4B-00C04F79EFBC}") = "Practice2.Task10", "Practice2.Task10\Practice2.Task10.csproj", "{4E93E907-A570-48FE-A549-4F90D89FE9F9}"
EndProject
Project("{FAE04EC0-301F-11D3-BF4B-00C04F79EFBC}") = "Practice2.Task11", "Practice2.Task11\Practice2.Task11.csproj", "{6D1892AB-2160-4123-AAA7-681645C5766C}"
EndProject
Project("{FAE04EC0-301F-11D3-BF4B-00C04F79EFBC}") = "Practice2.Task12", "Practice2.Task12\Practice2.Task12.csproj", "{16DD9CEF-203B-49C5-BBDE-C0CB7E45E3BF}"
EndProject
Project("{FAE04EC0-301F-11D3-BF4B-00C04F79EFBC}") = "Practice2.Task13", "Practice2.Task13\Practice2.Task13.csproj", "{CB9ABBB2-2E05-4E2A-9F0E-D7F8A218C900}"
EndProject
Project("{FAE04EC0-301F-11D3-BF4B-00C04F79EFBC}") = "Practice2.Task14", "Practice2.Task14\Practice2.Task14.csproj", "{8C86E4A0-7CB7-4569-8C61-38A5ABA9B9A5}"
EndProject
Project("{FAE04EC0-301F-11D3-BF4B-00C04F79EFBC}") = "Practice2.Task15", "Practice2.Task15\Practice2.Task15.csproj", "{8EA91942-10D1-4D53-8343-5098799E5D6A}"
EndProject
Project("{FAE04EC0-301F-11D3-BF4B-00C04F79EFBC}") = "Practice2.Task16", "Practice2.Task16\Practice2.Task16.csproj", "{A024DF29-642E-4622-B3FB-C398ACB298CB}"
EndProject
Project("{FAE04EC0-301F-11D3-BF4B-00C04F79EFBC}") = "Practice2.Task17", "Practice2.Task17\Practice2.Task17.csproj", "{5CBA81BD-D9D2-437D-9D83-81047F4538C6}"
EndProject
Project("{FAE04EC0-301F-11D3-BF4B-00C04F79EFBC}") = "Practice2.Task18", "Practice2.Task18\Practice2.Task18.csproj", "{D9B79FCB-F10A-44C6-BDAF-EEEFDED0C6C2}"
EndProject
Project("{2150E333-8FDC-42A3-9474-1A3956D46DE8}") = "Practice2", "Practice2", "{36D591C7-65C7-A0D1-1CBC-10CDE441BDC8}"
EndProject
Project("{FAE04EC0-301F-11D3-BF4B-00C04F79EFBC}") = "Practice1.Task1", "Practice1.Task1\Practice1.Task1.csproj", "{D79BDC63-7150-5FEC-8FD9-F3D92975C26B}"
EndProject
Project("{FAE04EC0-301F-11D3-BF4B-00C04F79EFBC}") = "Practice1.Task2", "Practice1.Task2\Practice1.Task2.csproj", "{5C79B5CD-3602-A025-F661-61CB40B5C46F}"
EndProject
Project("{FAE04EC0-301F-11D3-BF4B-00C04F79EFBC}") = "Practice1.Task3", "Practice1.Task3\Practice1.Task3.csproj", "{0D7272B8-A624-19F7-BC6D-4EB90CEF3938}"
EndProject
Project("{FAE04EC0-301F-11D3-BF4B-00C04F79EFBC}") = "Practice1.Task4", "Practice1.Task4\Practice1.Task4.csproj", "{55B81F24-8D62-3C28-3A15-B78D9F60269A}"
EndProject
Project("{FAE04EC0-301F-11D3-BF4B-00C04F79EFBC}") = "Practice1.Task5", "Practice1.Task5\Practice1.Task5.csproj", "{5CCD0DEB-CD34-C14A-DECA-41E17068D68D}"
EndProject
Project("{FAE04EC0-301F-11D3-BF4B-00C04F79EFBC}") = "Practice1.Task6", "Practice1.Task6\Practice1.Task6.csproj", "{D9079DC3-D461-282D-5A4A-75AD1CAE49ED}"
EndProject
Project("{2150E333-8FDC-42A3-9474-1A3956D46DE8}") = "Practice1", "Practice1", "{3EBE8742-DD58-45B3-96D5-6D89F8259868}"
EndProject
Project("{FAE04EC0-301F-11D3-BF4B-00C04F79EFBC}") = "Practice2.Task19", "Practice2.Task19\Practice2.Task19.csproj", "{E57A00FF-F3F3-4042-9152-8F6DDFE8AC09}"
EndProject
Project("{FAE04EC0-301F-11D3-BF4B-00C04F79EFBC}") = "Practice2.Task20", "Practice2.Task20\Practice2.Task20.csproj", "{54FD6A01-701A-4B55-ADC9-69D560D9B82F}"
EndProject
Project("{FAE04EC0-301F-11D3-BF4B-00C04F79EFBC}") = "Practice2.Task21", "Practice2.Task21\Practice2.Task21.csproj", "{5783648E-29F9-4E4F-802E-8B6DBC64F14F}"
EndProject
Project("{FAE04EC0-301F-11D3-BF4B-00C04F79EFBC}") = "Practice2.Task23", "Practice2.Task23\Practice2.Task23.csproj", "{A04C8D3F-19CD-42D1-9CFF-C687773CBEB8}"
EndProject
Project("{FAE04EC0-301F-11D3-BF4B-00C04F79EFBC}") = "Practice2.Task22", "Practice2.Task22\Practice2.Task22.csproj", "{C6F8297A-5009-438B-8339-89753F9ECC72}"
EndProject
Project("{FAE04EC0-301F-11D3-BF4B-00C04F79EFBC}") = "Practice2.Task24", "Practice2.Task24\Practice2.Task24.csproj", "{BF89FD70-845E-48C0-804F-EB9D3DF0CC1A}"
EndProject
Project("{FAE04EC0-301F-11D3-BF4B-00C04F79EFBC}") = "Practice2.Task25", "Practice2.Task25\Practice2.Task25.csproj", "{BA81B43F-F813-4C66-B769-E5264D97B64A}"
EndProject
Project("{2150E333-8FDC-42A3-9474-1A3956D46DE8}") = "Practice3", "Practice3", "{A713F61E-8340-4C70-B867-CD16E7AEC0E6}"
EndProject
Project("{FAE04EC0-301F-11D3-BF4B-00C04F79EFBC}") = "Practice3.Task1", "Practice3.Task1\Practice3.Task1.csproj", "{5A60B0D2-EA27-4EB4-A2B2-98D60C3AF878}"
EndProject
Project("{FAE04EC0-301F-11D3-BF4B-00C04F79EFBC}") = "Practice3.Task2", "Practice3.Task2\Practice3.Task2.csproj", "{7AD85CCA-2231-4DC1-BE42-351A37A7E12E}"
EndProject
Project("{FAE04EC0-301F-11D3-BF4B-00C04F79EFBC}") = "Practice3.Task3", "Practice3.Task3\Practice3.Task3.csproj", "{6755CDFB-31C3-44AF-AD26-E1A30552D764}"
EndProject
Project("{FAE04EC0-301F-11D3-BF4B-00C04F79EFBC}") = "Practice3.Task4", "Practice3.Task4\Practice3.Task4.csproj", "{F12EDA89-8412-4265-B76C-4BD96D6B35A1}"
EndProject
Project("{FAE04EC0-301F-11D3-BF4B-00C04F79EFBC}") = "Practice3.Task5", "Practice3.Task5\Practice3.Task5.csproj", "{4676E48A-D2A8-49E3-B082-96D609D3A4CA}"
EndProject
Project("{FAE04EC0-301F-11D3-BF4B-00C04F79EFBC}") = "Practice3.Task6", "Practice3.Task6\Practice3.Task6.csproj", "{5A554188-42C2-4F95-AA00-D34EC33A3B42}"
EndProject
Project("{FAE04EC0-301F-11D3-BF4B-00C04F79EFBC}") = "Practice3.Task7", "Practice3.Task7\Practice3.Task7.csproj", "{D50C6DA9-7B4B-4291-ABA7-368245097DAB}"
EndProject
Project("{FAE04EC0-301F-11D3-BF4B-00C04F79EFBC}") = "Practice3.Task8", "Practice3.Task8\Practice3.Task8.csproj", "{06CFAA2D-855F-4C61-8E02-0F9BFF623AA9}"
EndProject
Project("{FAE04EC0-301F-11D3-BF4B-00C04F79EFBC}") = "Practice3.Task9", "Practice3.Task9\Practice3.Task9.csproj", "{21F51281-44BE-4E5F-A7A5-C08AD0684ACA}"
EndProject
Project("{FAE04EC0-301F-11D3-BF4B-00C04F79EFBC}") = "Practice3.Task10", "Practice3.Task10\Practice3.Task10.csproj", "{9FDB297C-E303-4978-8A83-77D20B45E80B}"
EndProject
Project("{FAE04EC0-301F-11D3-BF4B-00C04F79EFBC}") = "Practice3.Task11", "Practice3.Task11\Practice3.Task11.csproj", "{792BB4B0-10E8-40C4-ADCF-09D4E81D4125}"
EndProject
Project("{2150E333-8FDC-42A3-9474-1A3956D46DE8}") = "Practice4", "Practice4", "{E009DFCA-299F-490C-8BA7-8D83E2280B3A}"
EndProject
Project("{FAE04EC0-301F-11D3-BF4B-00C04F79EFBC}") = "ClassLibraryMathHelper", "ClassLibraryMathHelper\ClassLibraryMathHelper.csproj", "{5D67DAF0-1049-4528-844E-F0C86955145D}"
EndProject
Project("{FAE04EC0-301F-11D3-BF4B-00C04F79EFBC}") = "Practice4.Task2", "Practice4.Task2\Practice4.Task2.csproj", "{D790166C-A6AA-4859-9C80-5CD3C3F07638}"
	ProjectSection(ProjectDependencies) = postProject
		{5D67DAF0-1049-4528-844E-F0C86955145D} = {5D67DAF0-1049-4528-844E-F0C86955145D}
	EndProjectSection
EndProject
Project("{FAE04EC0-301F-11D3-BF4B-00C04F79EFBC}") = "ClassLibraryPerson", "ClassLibraryPerson\ClassLibraryPerson.csproj", "{053E47CD-4C73-4793-9CB7-26337AE0CED9}"
EndProject
Project("{FAE04EC0-301F-11D3-BF4B-00C04F79EFBC}") = "Practice4.Task3", "Practice4.Task3\Practice4.Task3.csproj", "{EBB2BD6E-FAC9-428A-A126-8683FAF596A4}"
EndProject
Global
	GlobalSection(SolutionConfigurationPlatforms) = preSolution
		Debug|Any CPU = Debug|Any CPU
		Release|Any CPU = Release|Any CPU
	EndGlobalSection
	GlobalSection(ProjectConfigurationPlatforms) = postSolution
		{F36F4726-BE7F-7672-533F-85E8894E13E9}.Debug|Any CPU.ActiveCfg = Debug|Any CPU
		{F36F4726-BE7F-7672-533F-85E8894E13E9}.Debug|Any CPU.Build.0 = Debug|Any CPU
		{F36F4726-BE7F-7672-533F-85E8894E13E9}.Release|Any CPU.ActiveCfg = Release|Any CPU
		{F36F4726-BE7F-7672-533F-85E8894E13E9}.Release|Any CPU.Build.0 = Release|Any CPU
		{4127CD4C-9AD7-43B3-BB7C-909BECA38A02}.Debug|Any CPU.ActiveCfg = Debug|Any CPU
		{4127CD4C-9AD7-43B3-BB7C-909BECA38A02}.Debug|Any CPU.Build.0 = Debug|Any CPU
		{4127CD4C-9AD7-43B3-BB7C-909BECA38A02}.Release|Any CPU.ActiveCfg = Release|Any CPU
		{4127CD4C-9AD7-43B3-BB7C-909BECA38A02}.Release|Any CPU.Build.0 = Release|Any CPU
		{57D62849-8F71-4ACD-BD27-D045C6533FA3}.Debug|Any CPU.ActiveCfg = Debug|Any CPU
		{57D62849-8F71-4ACD-BD27-D045C6533FA3}.Debug|Any CPU.Build.0 = Debug|Any CPU
		{57D62849-8F71-4ACD-BD27-D045C6533FA3}.Release|Any CPU.ActiveCfg = Release|Any CPU
		{57D62849-8F71-4ACD-BD27-D045C6533FA3}.Release|Any CPU.Build.0 = Release|Any CPU
		{BD835FBC-7212-42E7-933D-49DE398232DA}.Debug|Any CPU.ActiveCfg = Debug|Any CPU
		{BD835FBC-7212-42E7-933D-49DE398232DA}.Debug|Any CPU.Build.0 = Debug|Any CPU
		{BD835FBC-7212-42E7-933D-49DE398232DA}.Release|Any CPU.ActiveCfg = Release|Any CPU
		{BD835FBC-7212-42E7-933D-49DE398232DA}.Release|Any CPU.Build.0 = Release|Any CPU
		{011BC598-463B-1D80-A2D7-08D78FA4914B}.Debug|Any CPU.ActiveCfg = Debug|Any CPU
		{011BC598-463B-1D80-A2D7-08D78FA4914B}.Debug|Any CPU.Build.0 = Debug|Any CPU
		{011BC598-463B-1D80-A2D7-08D78FA4914B}.Release|Any CPU.ActiveCfg = Release|Any CPU
		{011BC598-463B-1D80-A2D7-08D78FA4914B}.Release|Any CPU.Build.0 = Release|Any CPU
		{A5C54599-D251-7390-C63C-5D0B534FC65C}.Debug|Any CPU.ActiveCfg = Debug|Any CPU
		{A5C54599-D251-7390-C63C-5D0B534FC65C}.Debug|Any CPU.Build.0 = Debug|Any CPU
		{A5C54599-D251-7390-C63C-5D0B534FC65C}.Release|Any CPU.ActiveCfg = Release|Any CPU
		{A5C54599-D251-7390-C63C-5D0B534FC65C}.Release|Any CPU.Build.0 = Release|Any CPU
		{91981F70-61E9-EF80-2E67-7AFFED5B9C51}.Debug|Any CPU.ActiveCfg = Debug|Any CPU
		{91981F70-61E9-EF80-2E67-7AFFED5B9C51}.Debug|Any CPU.Build.0 = Debug|Any CPU
		{91981F70-61E9-EF80-2E67-7AFFED5B9C51}.Release|Any CPU.ActiveCfg = Release|Any CPU
		{91981F70-61E9-EF80-2E67-7AFFED5B9C51}.Release|Any CPU.Build.0 = Release|Any CPU
		{3C99A558-90C7-8598-3D46-E49FE195F97C}.Debug|Any CPU.ActiveCfg = Debug|Any CPU
		{3C99A558-90C7-8598-3D46-E49FE195F97C}.Debug|Any CPU.Build.0 = Debug|Any CPU
		{3C99A558-90C7-8598-3D46-E49FE195F97C}.Release|Any CPU.ActiveCfg = Release|Any CPU
		{3C99A558-90C7-8598-3D46-E49FE195F97C}.Release|Any CPU.Build.0 = Release|Any CPU
		{2D164202-6AFD-DC67-07BD-C0E5E51ED60C}.Debug|Any CPU.ActiveCfg = Debug|Any CPU
		{2D164202-6AFD-DC67-07BD-C0E5E51ED60C}.Debug|Any CPU.Build.0 = Debug|Any CPU
		{2D164202-6AFD-DC67-07BD-C0E5E51ED60C}.Release|Any CPU.ActiveCfg = Release|Any CPU
		{2D164202-6AFD-DC67-07BD-C0E5E51ED60C}.Release|Any CPU.Build.0 = Release|Any CPU
		{434D9300-423D-8F31-D044-B082DDB1B623}.Debug|Any CPU.ActiveCfg = Debug|Any CPU
		{434D9300-423D-8F31-D044-B082DDB1B623}.Debug|Any CPU.Build.0 = Debug|Any CPU
		{434D9300-423D-8F31-D044-B082DDB1B623}.Release|Any CPU.ActiveCfg = Release|Any CPU
		{434D9300-423D-8F31-D044-B082DDB1B623}.Release|Any CPU.Build.0 = Release|Any CPU
		{BEF33C55-CA13-2BBF-F1D0-13155C6326C1}.Debug|Any CPU.ActiveCfg = Debug|Any CPU
		{BEF33C55-CA13-2BBF-F1D0-13155C6326C1}.Debug|Any CPU.Build.0 = Debug|Any CPU
		{BEF33C55-CA13-2BBF-F1D0-13155C6326C1}.Release|Any CPU.ActiveCfg = Release|Any CPU
		{BEF33C55-CA13-2BBF-F1D0-13155C6326C1}.Release|Any CPU.Build.0 = Release|Any CPU
		{37CB98C2-BDD1-041E-A09F-04A57C625488}.Debug|Any CPU.ActiveCfg = Debug|Any CPU
		{37CB98C2-BDD1-041E-A09F-04A57C625488}.Debug|Any CPU.Build.0 = Debug|Any CPU
		{37CB98C2-BDD1-041E-A09F-04A57C625488}.Release|Any CPU.ActiveCfg = Release|Any CPU
		{37CB98C2-BDD1-041E-A09F-04A57C625488}.Release|Any CPU.Build.0 = Release|Any CPU
		{DC99EE37-1B6C-FC89-6E76-6D3D39A9A284}.Debug|Any CPU.ActiveCfg = Debug|Any CPU
		{DC99EE37-1B6C-FC89-6E76-6D3D39A9A284}.Debug|Any CPU.Build.0 = Debug|Any CPU
		{DC99EE37-1B6C-FC89-6E76-6D3D39A9A284}.Release|Any CPU.ActiveCfg = Release|Any CPU
		{DC99EE37-1B6C-FC89-6E76-6D3D39A9A284}.Release|Any CPU.Build.0 = Release|Any CPU
		{8FD07491-1358-AD2F-E027-5D0DAE924386}.Debug|Any CPU.ActiveCfg = Debug|Any CPU
		{8FD07491-1358-AD2F-E027-5D0DAE924386}.Debug|Any CPU.Build.0 = Debug|Any CPU
		{8FD07491-1358-AD2F-E027-5D0DAE924386}.Release|Any CPU.ActiveCfg = Release|Any CPU
		{8FD07491-1358-AD2F-E027-5D0DAE924386}.Release|Any CPU.Build.0 = Release|Any CPU
		{BC0CC869-22F2-2D0B-EDE7-659D0799D811}.Debug|Any CPU.ActiveCfg = Debug|Any CPU
		{BC0CC869-22F2-2D0B-EDE7-659D0799D811}.Debug|Any CPU.Build.0 = Debug|Any CPU
		{BC0CC869-22F2-2D0B-EDE7-659D0799D811}.Release|Any CPU.ActiveCfg = Release|Any CPU
		{BC0CC869-22F2-2D0B-EDE7-659D0799D811}.Release|Any CPU.Build.0 = Release|Any CPU
		{5963A74E-CA73-79DE-CC2B-EFE7E8D2F530}.Debug|Any CPU.ActiveCfg = Debug|Any CPU
		{5963A74E-CA73-79DE-CC2B-EFE7E8D2F530}.Debug|Any CPU.Build.0 = Debug|Any CPU
		{5963A74E-CA73-79DE-CC2B-EFE7E8D2F530}.Release|Any CPU.ActiveCfg = Release|Any CPU
		{5963A74E-CA73-79DE-CC2B-EFE7E8D2F530}.Release|Any CPU.Build.0 = Release|Any CPU
		{EF209430-030D-64D7-63EF-52A0A91A027B}.Debug|Any CPU.ActiveCfg = Debug|Any CPU
		{EF209430-030D-64D7-63EF-52A0A91A027B}.Debug|Any CPU.Build.0 = Debug|Any CPU
		{EF209430-030D-64D7-63EF-52A0A91A027B}.Release|Any CPU.ActiveCfg = Release|Any CPU
		{EF209430-030D-64D7-63EF-52A0A91A027B}.Release|Any CPU.Build.0 = Release|Any CPU
		{983FC393-0C3D-726B-EF9C-1E65A99AFF85}.Debug|Any CPU.ActiveCfg = Debug|Any CPU
		{983FC393-0C3D-726B-EF9C-1E65A99AFF85}.Debug|Any CPU.Build.0 = Debug|Any CPU
		{983FC393-0C3D-726B-EF9C-1E65A99AFF85}.Release|Any CPU.ActiveCfg = Release|Any CPU
		{983FC393-0C3D-726B-EF9C-1E65A99AFF85}.Release|Any CPU.Build.0 = Release|Any CPU
		{24BAAAA6-8E7D-680F-ED7B-A3E1FCB14B4B}.Debug|Any CPU.ActiveCfg = Debug|Any CPU
		{24BAAAA6-8E7D-680F-ED7B-A3E1FCB14B4B}.Debug|Any CPU.Build.0 = Debug|Any CPU
		{24BAAAA6-8E7D-680F-ED7B-A3E1FCB14B4B}.Release|Any CPU.ActiveCfg = Release|Any CPU
		{24BAAAA6-8E7D-680F-ED7B-A3E1FCB14B4B}.Release|Any CPU.Build.0 = Release|Any CPU
		{C0FB97C7-91F4-2B8E-4D50-481DB0C69BB7}.Debug|Any CPU.ActiveCfg = Debug|Any CPU
		{C0FB97C7-91F4-2B8E-4D50-481DB0C69BB7}.Debug|Any CPU.Build.0 = Debug|Any CPU
		{C0FB97C7-91F4-2B8E-4D50-481DB0C69BB7}.Release|Any CPU.ActiveCfg = Release|Any CPU
		{C0FB97C7-91F4-2B8E-4D50-481DB0C69BB7}.Release|Any CPU.Build.0 = Release|Any CPU
		{EAAAB66E-30C2-A982-03DD-42531D10A436}.Debug|Any CPU.ActiveCfg = Debug|Any CPU
		{EAAAB66E-30C2-A982-03DD-42531D10A436}.Debug|Any CPU.Build.0 = Debug|Any CPU
		{EAAAB66E-30C2-A982-03DD-42531D10A436}.Release|Any CPU.ActiveCfg = Release|Any CPU
		{EAAAB66E-30C2-A982-03DD-42531D10A436}.Release|Any CPU.Build.0 = Release|Any CPU
		{C4013AC9-E08C-FE02-33F9-403734E181D1}.Debug|Any CPU.ActiveCfg = Debug|Any CPU
		{C4013AC9-E08C-FE02-33F9-403734E181D1}.Debug|Any CPU.Build.0 = Debug|Any CPU
		{C4013AC9-E08C-FE02-33F9-403734E181D1}.Release|Any CPU.ActiveCfg = Release|Any CPU
		{C4013AC9-E08C-FE02-33F9-403734E181D1}.Release|Any CPU.Build.0 = Release|Any CPU
		{4E93E907-A570-48FE-A549-4F90D89FE9F9}.Debug|Any CPU.ActiveCfg = Debug|Any CPU
		{4E93E907-A570-48FE-A549-4F90D89FE9F9}.Debug|Any CPU.Build.0 = Debug|Any CPU
		{4E93E907-A570-48FE-A549-4F90D89FE9F9}.Release|Any CPU.ActiveCfg = Release|Any CPU
		{4E93E907-A570-48FE-A549-4F90D89FE9F9}.Release|Any CPU.Build.0 = Release|Any CPU
		{6D1892AB-2160-4123-AAA7-681645C5766C}.Debug|Any CPU.ActiveCfg = Debug|Any CPU
		{6D1892AB-2160-4123-AAA7-681645C5766C}.Debug|Any CPU.Build.0 = Debug|Any CPU
		{6D1892AB-2160-4123-AAA7-681645C5766C}.Release|Any CPU.ActiveCfg = Release|Any CPU
		{6D1892AB-2160-4123-AAA7-681645C5766C}.Release|Any CPU.Build.0 = Release|Any CPU
		{16DD9CEF-203B-49C5-BBDE-C0CB7E45E3BF}.Debug|Any CPU.ActiveCfg = Debug|Any CPU
		{16DD9CEF-203B-49C5-BBDE-C0CB7E45E3BF}.Debug|Any CPU.Build.0 = Debug|Any CPU
		{16DD9CEF-203B-49C5-BBDE-C0CB7E45E3BF}.Release|Any CPU.ActiveCfg = Release|Any CPU
		{16DD9CEF-203B-49C5-BBDE-C0CB7E45E3BF}.Release|Any CPU.Build.0 = Release|Any CPU
		{CB9ABBB2-2E05-4E2A-9F0E-D7F8A218C900}.Debug|Any CPU.ActiveCfg = Debug|Any CPU
		{CB9ABBB2-2E05-4E2A-9F0E-D7F8A218C900}.Debug|Any CPU.Build.0 = Debug|Any CPU
		{CB9ABBB2-2E05-4E2A-9F0E-D7F8A218C900}.Release|Any CPU.ActiveCfg = Release|Any CPU
		{CB9ABBB2-2E05-4E2A-9F0E-D7F8A218C900}.Release|Any CPU.Build.0 = Release|Any CPU
		{8C86E4A0-7CB7-4569-8C61-38A5ABA9B9A5}.Debug|Any CPU.ActiveCfg = Debug|Any CPU
		{8C86E4A0-7CB7-4569-8C61-38A5ABA9B9A5}.Debug|Any CPU.Build.0 = Debug|Any CPU
		{8C86E4A0-7CB7-4569-8C61-38A5ABA9B9A5}.Release|Any CPU.ActiveCfg = Release|Any CPU
		{8C86E4A0-7CB7-4569-8C61-38A5ABA9B9A5}.Release|Any CPU.Build.0 = Release|Any CPU
		{8EA91942-10D1-4D53-8343-5098799E5D6A}.Debug|Any CPU.ActiveCfg = Debug|Any CPU
		{8EA91942-10D1-4D53-8343-5098799E5D6A}.Debug|Any CPU.Build.0 = Debug|Any CPU
		{8EA91942-10D1-4D53-8343-5098799E5D6A}.Release|Any CPU.ActiveCfg = Release|Any CPU
		{8EA91942-10D1-4D53-8343-5098799E5D6A}.Release|Any CPU.Build.0 = Release|Any CPU
		{A024DF29-642E-4622-B3FB-C398ACB298CB}.Debug|Any CPU.ActiveCfg = Debug|Any CPU
		{A024DF29-642E-4622-B3FB-C398ACB298CB}.Debug|Any CPU.Build.0 = Debug|Any CPU
		{A024DF29-642E-4622-B3FB-C398ACB298CB}.Release|Any CPU.ActiveCfg = Release|Any CPU
		{A024DF29-642E-4622-B3FB-C398ACB298CB}.Release|Any CPU.Build.0 = Release|Any CPU
		{5CBA81BD-D9D2-437D-9D83-81047F4538C6}.Debug|Any CPU.ActiveCfg = Debug|Any CPU
		{5CBA81BD-D9D2-437D-9D83-81047F4538C6}.Debug|Any CPU.Build.0 = Debug|Any CPU
		{5CBA81BD-D9D2-437D-9D83-81047F4538C6}.Release|Any CPU.ActiveCfg = Release|Any CPU
		{5CBA81BD-D9D2-437D-9D83-81047F4538C6}.Release|Any CPU.Build.0 = Release|Any CPU
		{D9B79FCB-F10A-44C6-BDAF-EEEFDED0C6C2}.Debug|Any CPU.ActiveCfg = Debug|Any CPU
		{D9B79FCB-F10A-44C6-BDAF-EEEFDED0C6C2}.Debug|Any CPU.Build.0 = Debug|Any CPU
		{D9B79FCB-F10A-44C6-BDAF-EEEFDED0C6C2}.Release|Any CPU.ActiveCfg = Release|Any CPU
		{D9B79FCB-F10A-44C6-BDAF-EEEFDED0C6C2}.Release|Any CPU.Build.0 = Release|Any CPU
		{D79BDC63-7150-5FEC-8FD9-F3D92975C26B}.Debug|Any CPU.ActiveCfg = Debug|Any CPU
		{D79BDC63-7150-5FEC-8FD9-F3D92975C26B}.Debug|Any CPU.Build.0 = Debug|Any CPU
		{D79BDC63-7150-5FEC-8FD9-F3D92975C26B}.Release|Any CPU.ActiveCfg = Release|Any CPU
		{D79BDC63-7150-5FEC-8FD9-F3D92975C26B}.Release|Any CPU.Build.0 = Release|Any CPU
		{5C79B5CD-3602-A025-F661-61CB40B5C46F}.Debug|Any CPU.ActiveCfg = Debug|Any CPU
		{5C79B5CD-3602-A025-F661-61CB40B5C46F}.Debug|Any CPU.Build.0 = Debug|Any CPU
		{5C79B5CD-3602-A025-F661-61CB40B5C46F}.Release|Any CPU.ActiveCfg = Release|Any CPU
		{5C79B5CD-3602-A025-F661-61CB40B5C46F}.Release|Any CPU.Build.0 = Release|Any CPU
		{0D7272B8-A624-19F7-BC6D-4EB90CEF3938}.Debug|Any CPU.ActiveCfg = Debug|Any CPU
		{0D7272B8-A624-19F7-BC6D-4EB90CEF3938}.Debug|Any CPU.Build.0 = Debug|Any CPU
		{0D7272B8-A624-19F7-BC6D-4EB90CEF3938}.Release|Any CPU.ActiveCfg = Release|Any CPU
		{0D7272B8-A624-19F7-BC6D-4EB90CEF3938}.Release|Any CPU.Build.0 = Release|Any CPU
		{55B81F24-8D62-3C28-3A15-B78D9F60269A}.Debug|Any CPU.ActiveCfg = Debug|Any CPU
		{55B81F24-8D62-3C28-3A15-B78D9F60269A}.Debug|Any CPU.Build.0 = Debug|Any CPU
		{55B81F24-8D62-3C28-3A15-B78D9F60269A}.Release|Any CPU.ActiveCfg = Release|Any CPU
		{55B81F24-8D62-3C28-3A15-B78D9F60269A}.Release|Any CPU.Build.0 = Release|Any CPU
		{5CCD0DEB-CD34-C14A-DECA-41E17068D68D}.Debug|Any CPU.ActiveCfg = Debug|Any CPU
		{5CCD0DEB-CD34-C14A-DECA-41E17068D68D}.Debug|Any CPU.Build.0 = Debug|Any CPU
		{5CCD0DEB-CD34-C14A-DECA-41E17068D68D}.Release|Any CPU.ActiveCfg = Release|Any CPU
		{5CCD0DEB-CD34-C14A-DECA-41E17068D68D}.Release|Any CPU.Build.0 = Release|Any CPU
		{D9079DC3-D461-282D-5A4A-75AD1CAE49ED}.Debug|Any CPU.ActiveCfg = Debug|Any CPU
		{D9079DC3-D461-282D-5A4A-75AD1CAE49ED}.Debug|Any CPU.Build.0 = Debug|Any CPU
		{D9079DC3-D461-282D-5A4A-75AD1CAE49ED}.Release|Any CPU.ActiveCfg = Release|Any CPU
		{D9079DC3-D461-282D-5A4A-75AD1CAE49ED}.Release|Any CPU.Build.0 = Release|Any CPU
		{E57A00FF-F3F3-4042-9152-8F6DDFE8AC09}.Debug|Any CPU.ActiveCfg = Debug|Any CPU
		{E57A00FF-F3F3-4042-9152-8F6DDFE8AC09}.Debug|Any CPU.Build.0 = Debug|Any CPU
		{E57A00FF-F3F3-4042-9152-8F6DDFE8AC09}.Release|Any CPU.ActiveCfg = Release|Any CPU
		{E57A00FF-F3F3-4042-9152-8F6DDFE8AC09}.Release|Any CPU.Build.0 = Release|Any CPU
		{54FD6A01-701A-4B55-ADC9-69D560D9B82F}.Debug|Any CPU.ActiveCfg = Debug|Any CPU
		{54FD6A01-701A-4B55-ADC9-69D560D9B82F}.Debug|Any CPU.Build.0 = Debug|Any CPU
		{54FD6A01-701A-4B55-ADC9-69D560D9B82F}.Release|Any CPU.ActiveCfg = Release|Any CPU
		{54FD6A01-701A-4B55-ADC9-69D560D9B82F}.Release|Any CPU.Build.0 = Release|Any CPU
		{5783648E-29F9-4E4F-802E-8B6DBC64F14F}.Debug|Any CPU.ActiveCfg = Debug|Any CPU
		{5783648E-29F9-4E4F-802E-8B6DBC64F14F}.Debug|Any CPU.Build.0 = Debug|Any CPU
		{5783648E-29F9-4E4F-802E-8B6DBC64F14F}.Release|Any CPU.ActiveCfg = Release|Any CPU
		{5783648E-29F9-4E4F-802E-8B6DBC64F14F}.Release|Any CPU.Build.0 = Release|Any CPU
		{A04C8D3F-19CD-42D1-9CFF-C687773CBEB8}.Debug|Any CPU.ActiveCfg = Debug|Any CPU
		{A04C8D3F-19CD-42D1-9CFF-C687773CBEB8}.Debug|Any CPU.Build.0 = Debug|Any CPU
		{A04C8D3F-19CD-42D1-9CFF-C687773CBEB8}.Release|Any CPU.ActiveCfg = Release|Any CPU
		{A04C8D3F-19CD-42D1-9CFF-C687773CBEB8}.Release|Any CPU.Build.0 = Release|Any CPU
		{C6F8297A-5009-438B-8339-89753F9ECC72}.Debug|Any CPU.ActiveCfg = Debug|Any CPU
		{C6F8297A-5009-438B-8339-89753F9ECC72}.Debug|Any CPU.Build.0 = Debug|Any CPU
		{C6F8297A-5009-438B-8339-89753F9ECC72}.Release|Any CPU.ActiveCfg = Release|Any CPU
		{C6F8297A-5009-438B-8339-89753F9ECC72}.Release|Any CPU.Build.0 = Release|Any CPU
		{BF89FD70-845E-48C0-804F-EB9D3DF0CC1A}.Debug|Any CPU.ActiveCfg = Debug|Any CPU
		{BF89FD70-845E-48C0-804F-EB9D3DF0CC1A}.Debug|Any CPU.Build.0 = Debug|Any CPU
		{BF89FD70-845E-48C0-804F-EB9D3DF0CC1A}.Release|Any CPU.ActiveCfg = Release|Any CPU
		{BF89FD70-845E-48C0-804F-EB9D3DF0CC1A}.Release|Any CPU.Build.0 = Release|Any CPU
		{BA81B43F-F813-4C66-B769-E5264D97B64A}.Debug|Any CPU.ActiveCfg = Debug|Any CPU
		{BA81B43F-F813-4C66-B769-E5264D97B64A}.Debug|Any CPU.Build.0 = Debug|Any CPU
		{BA81B43F-F813-4C66-B769-E5264D97B64A}.Release|Any CPU.ActiveCfg = Release|Any CPU
		{BA81B43F-F813-4C66-B769-E5264D97B64A}.Release|Any CPU.Build.0 = Release|Any CPU
		{5A60B0D2-EA27-4EB4-A2B2-98D60C3AF878}.Debug|Any CPU.ActiveCfg = Debug|Any CPU
		{5A60B0D2-EA27-4EB4-A2B2-98D60C3AF878}.Debug|Any CPU.Build.0 = Debug|Any CPU
		{5A60B0D2-EA27-4EB4-A2B2-98D60C3AF878}.Release|Any CPU.ActiveCfg = Release|Any CPU
		{5A60B0D2-EA27-4EB4-A2B2-98D60C3AF878}.Release|Any CPU.Build.0 = Release|Any CPU
		{7AD85CCA-2231-4DC1-BE42-351A37A7E12E}.Debug|Any CPU.ActiveCfg = Debug|Any CPU
		{7AD85CCA-2231-4DC1-BE42-351A37A7E12E}.Debug|Any CPU.Build.0 = Debug|Any CPU
		{7AD85CCA-2231-4DC1-BE42-351A37A7E12E}.Release|Any CPU.ActiveCfg = Release|Any CPU
		{7AD85CCA-2231-4DC1-BE42-351A37A7E12E}.Release|Any CPU.Build.0 = Release|Any CPU
		{6755CDFB-31C3-44AF-AD26-E1A30552D764}.Debug|Any CPU.ActiveCfg = Debug|Any CPU
		{6755CDFB-31C3-44AF-AD26-E1A30552D764}.Debug|Any CPU.Build.0 = Debug|Any CPU
		{6755CDFB-31C3-44AF-AD26-E1A30552D764}.Release|Any CPU.ActiveCfg = Release|Any CPU
		{6755CDFB-31C3-44AF-AD26-E1A30552D764}.Release|Any CPU.Build.0 = Release|Any CPU
		{F12EDA89-8412-4265-B76C-4BD96D6B35A1}.Debug|Any CPU.ActiveCfg = Debug|Any CPU
		{F12EDA89-8412-4265-B76C-4BD96D6B35A1}.Debug|Any CPU.Build.0 = Debug|Any CPU
		{F12EDA89-8412-4265-B76C-4BD96D6B35A1}.Release|Any CPU.ActiveCfg = Release|Any CPU
		{F12EDA89-8412-4265-B76C-4BD96D6B35A1}.Release|Any CPU.Build.0 = Release|Any CPU
		{4676E48A-D2A8-49E3-B082-96D609D3A4CA}.Debug|Any CPU.ActiveCfg = Debug|Any CPU
		{4676E48A-D2A8-49E3-B082-96D609D3A4CA}.Debug|Any CPU.Build.0 = Debug|Any CPU
		{4676E48A-D2A8-49E3-B082-96D609D3A4CA}.Release|Any CPU.ActiveCfg = Release|Any CPU
		{4676E48A-D2A8-49E3-B082-96D609D3A4CA}.Release|Any CPU.Build.0 = Release|Any CPU
		{5A554188-42C2-4F95-AA00-D34EC33A3B42}.Debug|Any CPU.ActiveCfg = Debug|Any CPU
		{5A554188-42C2-4F95-AA00-D34EC33A3B42}.Debug|Any CPU.Build.0 = Debug|Any CPU
		{5A554188-42C2-4F95-AA00-D34EC33A3B42}.Release|Any CPU.ActiveCfg = Release|Any CPU
		{5A554188-42C2-4F95-AA00-D34EC33A3B42}.Release|Any CPU.Build.0 = Release|Any CPU
		{D50C6DA9-7B4B-4291-ABA7-368245097DAB}.Debug|Any CPU.ActiveCfg = Debug|Any CPU
		{D50C6DA9-7B4B-4291-ABA7-368245097DAB}.Debug|Any CPU.Build.0 = Debug|Any CPU
		{D50C6DA9-7B4B-4291-ABA7-368245097DAB}.Release|Any CPU.ActiveCfg = Release|Any CPU
		{D50C6DA9-7B4B-4291-ABA7-368245097DAB}.Release|Any CPU.Build.0 = Release|Any CPU
		{06CFAA2D-855F-4C61-8E02-0F9BFF623AA9}.Debug|Any CPU.ActiveCfg = Debug|Any CPU
		{06CFAA2D-855F-4C61-8E02-0F9BFF623AA9}.Debug|Any CPU.Build.0 = Debug|Any CPU
		{06CFAA2D-855F-4C61-8E02-0F9BFF623AA9}.Release|Any CPU.ActiveCfg = Release|Any CPU
		{06CFAA2D-855F-4C61-8E02-0F9BFF623AA9}.Release|Any CPU.Build.0 = Release|Any CPU
		{21F51281-44BE-4E5F-A7A5-C08AD0684ACA}.Debug|Any CPU.ActiveCfg = Debug|Any CPU
		{21F51281-44BE-4E5F-A7A5-C08AD0684ACA}.Debug|Any CPU.Build.0 = Debug|Any CPU
		{21F51281-44BE-4E5F-A7A5-C08AD0684ACA}.Release|Any CPU.ActiveCfg = Release|Any CPU
		{21F51281-44BE-4E5F-A7A5-C08AD0684ACA}.Release|Any CPU.Build.0 = Release|Any CPU
		{9FDB297C-E303-4978-8A83-77D20B45E80B}.Debug|Any CPU.ActiveCfg = Debug|Any CPU
		{9FDB297C-E303-4978-8A83-77D20B45E80B}.Debug|Any CPU.Build.0 = Debug|Any CPU
		{9FDB297C-E303-4978-8A83-77D20B45E80B}.Release|Any CPU.ActiveCfg = Release|Any CPU
		{9FDB297C-E303-4978-8A83-77D20B45E80B}.Release|Any CPU.Build.0 = Release|Any CPU
		{792BB4B0-10E8-40C4-ADCF-09D4E81D4125}.Debug|Any CPU.ActiveCfg = Debug|Any CPU
		{792BB4B0-10E8-40C4-ADCF-09D4E81D4125}.Debug|Any CPU.Build.0 = Debug|Any CPU
		{792BB4B0-10E8-40C4-ADCF-09D4E81D4125}.Release|Any CPU.ActiveCfg = Release|Any CPU
		{792BB4B0-10E8-40C4-ADCF-09D4E81D4125}.Release|Any CPU.Build.0 = Release|Any CPU
		{5D67DAF0-1049-4528-844E-F0C86955145D}.Debug|Any CPU.ActiveCfg = Debug|Any CPU
		{5D67DAF0-1049-4528-844E-F0C86955145D}.Debug|Any CPU.Build.0 = Debug|Any CPU
		{5D67DAF0-1049-4528-844E-F0C86955145D}.Release|Any CPU.ActiveCfg = Release|Any CPU
		{5D67DAF0-1049-4528-844E-F0C86955145D}.Release|Any CPU.Build.0 = Release|Any CPU
		{D790166C-A6AA-4859-9C80-5CD3C3F07638}.Debug|Any CPU.ActiveCfg = Debug|Any CPU
		{D790166C-A6AA-4859-9C80-5CD3C3F07638}.Debug|Any CPU.Build.0 = Debug|Any CPU
		{D790166C-A6AA-4859-9C80-5CD3C3F07638}.Release|Any CPU.ActiveCfg = Release|Any CPU
		{D790166C-A6AA-4859-9C80-5CD3C3F07638}.Release|Any CPU.Build.0 = Release|Any CPU
		{053E47CD-4C73-4793-9CB7-26337AE0CED9}.Debug|Any CPU.ActiveCfg = Debug|Any CPU
		{053E47CD-4C73-4793-9CB7-26337AE0CED9}.Debug|Any CPU.Build.0 = Debug|Any CPU
		{053E47CD-4C73-4793-9CB7-26337AE0CED9}.Release|Any CPU.ActiveCfg = Release|Any CPU
		{053E47CD-4C73-4793-9CB7-26337AE0CED9}.Release|Any CPU.Build.0 = Release|Any CPU
		{EBB2BD6E-FAC9-428A-A126-8683FAF596A4}.Debug|Any CPU.ActiveCfg = Debug|Any CPU
		{EBB2BD6E-FAC9-428A-A126-8683FAF596A4}.Debug|Any CPU.Build.0 = Debug|Any CPU
		{EBB2BD6E-FAC9-428A-A126-8683FAF596A4}.Release|Any CPU.ActiveCfg = Release|Any CPU
		{EBB2BD6E-FAC9-428A-A126-8683FAF596A4}.Release|Any CPU.Build.0 = Release|Any CPU
	EndGlobalSection
	GlobalSection(SolutionProperties) = preSolution
		HideSolutionNode = FALSE
	EndGlobalSection
	GlobalSection(NestedProjects) = preSolution
		{F36F4726-BE7F-7672-533F-85E8894E13E9} = {36D591C7-65C7-A0D1-1CBC-10CDE441BDC8}
		{4127CD4C-9AD7-43B3-BB7C-909BECA38A02} = {36D591C7-65C7-A0D1-1CBC-10CDE441BDC8}
		{57D62849-8F71-4ACD-BD27-D045C6533FA3} = {36D591C7-65C7-A0D1-1CBC-10CDE441BDC8}
		{BD835FBC-7212-42E7-933D-49DE398232DA} = {36D591C7-65C7-A0D1-1CBC-10CDE441BDC8}
		{011BC598-463B-1D80-A2D7-08D78FA4914B} = {36D591C7-65C7-A0D1-1CBC-10CDE441BDC8}
		{A5C54599-D251-7390-C63C-5D0B534FC65C} = {36D591C7-65C7-A0D1-1CBC-10CDE441BDC8}
		{91981F70-61E9-EF80-2E67-7AFFED5B9C51} = {36D591C7-65C7-A0D1-1CBC-10CDE441BDC8}
		{3C99A558-90C7-8598-3D46-E49FE195F97C} = {36D591C7-65C7-A0D1-1CBC-10CDE441BDC8}
		{2D164202-6AFD-DC67-07BD-C0E5E51ED60C} = {36D591C7-65C7-A0D1-1CBC-10CDE441BDC8}
		{434D9300-423D-8F31-D044-B082DDB1B623} = {36D591C7-65C7-A0D1-1CBC-10CDE441BDC8}
		{BEF33C55-CA13-2BBF-F1D0-13155C6326C1} = {36D591C7-65C7-A0D1-1CBC-10CDE441BDC8}
		{37CB98C2-BDD1-041E-A09F-04A57C625488} = {36D591C7-65C7-A0D1-1CBC-10CDE441BDC8}
		{DC99EE37-1B6C-FC89-6E76-6D3D39A9A284} = {36D591C7-65C7-A0D1-1CBC-10CDE441BDC8}
		{8FD07491-1358-AD2F-E027-5D0DAE924386} = {36D591C7-65C7-A0D1-1CBC-10CDE441BDC8}
		{BC0CC869-22F2-2D0B-EDE7-659D0799D811} = {36D591C7-65C7-A0D1-1CBC-10CDE441BDC8}
		{5963A74E-CA73-79DE-CC2B-EFE7E8D2F530} = {36D591C7-65C7-A0D1-1CBC-10CDE441BDC8}
		{EF209430-030D-64D7-63EF-52A0A91A027B} = {36D591C7-65C7-A0D1-1CBC-10CDE441BDC8}
		{983FC393-0C3D-726B-EF9C-1E65A99AFF85} = {36D591C7-65C7-A0D1-1CBC-10CDE441BDC8}
		{24BAAAA6-8E7D-680F-ED7B-A3E1FCB14B4B} = {36D591C7-65C7-A0D1-1CBC-10CDE441BDC8}
		{C0FB97C7-91F4-2B8E-4D50-481DB0C69BB7} = {36D591C7-65C7-A0D1-1CBC-10CDE441BDC8}
		{EAAAB66E-30C2-A982-03DD-42531D10A436} = {36D591C7-65C7-A0D1-1CBC-10CDE441BDC8}
		{C4013AC9-E08C-FE02-33F9-403734E181D1} = {36D591C7-65C7-A0D1-1CBC-10CDE441BDC8}
		{4E93E907-A570-48FE-A549-4F90D89FE9F9} = {36D591C7-65C7-A0D1-1CBC-10CDE441BDC8}
		{6D1892AB-2160-4123-AAA7-681645C5766C} = {36D591C7-65C7-A0D1-1CBC-10CDE441BDC8}
		{16DD9CEF-203B-49C5-BBDE-C0CB7E45E3BF} = {36D591C7-65C7-A0D1-1CBC-10CDE441BDC8}
		{CB9ABBB2-2E05-4E2A-9F0E-D7F8A218C900} = {36D591C7-65C7-A0D1-1CBC-10CDE441BDC8}
		{8C86E4A0-7CB7-4569-8C61-38A5ABA9B9A5} = {36D591C7-65C7-A0D1-1CBC-10CDE441BDC8}
		{8EA91942-10D1-4D53-8343-5098799E5D6A} = {36D591C7-65C7-A0D1-1CBC-10CDE441BDC8}
		{A024DF29-642E-4622-B3FB-C398ACB298CB} = {36D591C7-65C7-A0D1-1CBC-10CDE441BDC8}
		{5CBA81BD-D9D2-437D-9D83-81047F4538C6} = {36D591C7-65C7-A0D1-1CBC-10CDE441BDC8}
		{D9B79FCB-F10A-44C6-BDAF-EEEFDED0C6C2} = {36D591C7-65C7-A0D1-1CBC-10CDE441BDC8}
		{D79BDC63-7150-5FEC-8FD9-F3D92975C26B} = {3EBE8742-DD58-45B3-96D5-6D89F8259868}
		{5C79B5CD-3602-A025-F661-61CB40B5C46F} = {3EBE8742-DD58-45B3-96D5-6D89F8259868}
		{0D7272B8-A624-19F7-BC6D-4EB90CEF3938} = {3EBE8742-DD58-45B3-96D5-6D89F8259868}
		{55B81F24-8D62-3C28-3A15-B78D9F60269A} = {3EBE8742-DD58-45B3-96D5-6D89F8259868}
		{5CCD0DEB-CD34-C14A-DECA-41E17068D68D} = {3EBE8742-DD58-45B3-96D5-6D89F8259868}
		{D9079DC3-D461-282D-5A4A-75AD1CAE49ED} = {3EBE8742-DD58-45B3-96D5-6D89F8259868}
		{E57A00FF-F3F3-4042-9152-8F6DDFE8AC09} = {36D591C7-65C7-A0D1-1CBC-10CDE441BDC8}
		{54FD6A01-701A-4B55-ADC9-69D560D9B82F} = {36D591C7-65C7-A0D1-1CBC-10CDE441BDC8}
		{5783648E-29F9-4E4F-802E-8B6DBC64F14F} = {36D591C7-65C7-A0D1-1CBC-10CDE441BDC8}
		{A04C8D3F-19CD-42D1-9CFF-C687773CBEB8} = {36D591C7-65C7-A0D1-1CBC-10CDE441BDC8}
		{C6F8297A-5009-438B-8339-89753F9ECC72} = {36D591C7-65C7-A0D1-1CBC-10CDE441BDC8}
		{BF89FD70-845E-48C0-804F-EB9D3DF0CC1A} = {36D591C7-65C7-A0D1-1CBC-10CDE441BDC8}
		{BA81B43F-F813-4C66-B769-E5264D97B64A} = {36D591C7-65C7-A0D1-1CBC-10CDE441BDC8}
		{5A60B0D2-EA27-4EB4-A2B2-98D60C3AF878} = {A713F61E-8340-4C70-B867-CD16E7AEC0E6}
		{7AD85CCA-2231-4DC1-BE42-351A37A7E12E} = {A713F61E-8340-4C70-B867-CD16E7AEC0E6}
		{6755CDFB-31C3-44AF-AD26-E1A30552D764} = {A713F61E-8340-4C70-B867-CD16E7AEC0E6}
		{F12EDA89-8412-4265-B76C-4BD96D6B35A1} = {A713F61E-8340-4C70-B867-CD16E7AEC0E6}
		{4676E48A-D2A8-49E3-B082-96D609D3A4CA} = {A713F61E-8340-4C70-B867-CD16E7AEC0E6}
		{5A554188-42C2-4F95-AA00-D34EC33A3B42} = {A713F61E-8340-4C70-B867-CD16E7AEC0E6}
		{D50C6DA9-7B4B-4291-ABA7-368245097DAB} = {A713F61E-8340-4C70-B867-CD16E7AEC0E6}
		{06CFAA2D-855F-4C61-8E02-0F9BFF623AA9} = {A713F61E-8340-4C70-B867-CD16E7AEC0E6}
		{21F51281-44BE-4E5F-A7A5-C08AD0684ACA} = {A713F61E-8340-4C70-B867-CD16E7AEC0E6}
		{9FDB297C-E303-4978-8A83-77D20B45E80B} = {A713F61E-8340-4C70-B867-CD16E7AEC0E6}
		{792BB4B0-10E8-40C4-ADCF-09D4E81D4125} = {A713F61E-8340-4C70-B867-CD16E7AEC0E6}
		{5D67DAF0-1049-4528-844E-F0C86955145D} = {E009DFCA-299F-490C-8BA7-8D83E2280B3A}
		{D790166C-A6AA-4859-9C80-5CD3C3F07638} = {E009DFCA-299F-490C-8BA7-8D83E2280B3A}
	EndGlobalSection
	GlobalSection(ExtensibilityGlobals) = postSolution
		SolutionGuid = {79A9D96E-986C-4297-801D-285872FBAACB}
	EndGlobalSection
EndGlobal
